{
  "markbot": "09211402f783853914999b986f2b054c319558d2e1c4fc47c67502358b5e6751",
  "markbotignore": "030a4e6e1b3b6b510514a7ae54576e2c2ef762d56236c6414ef634955d96a126",
  "index.html": "db0b848afdf1170381ae444886a06cc577f754d5c670e6715b78be3bcee9ed9c",
  "css/main.css": "6ab84f54fe30090e9798a3ef3930c5f8f15cac25ef0bb030545a0bb3a2494398",
  "css/modules.css": "8054c226ca5364a1d431717eb887e9a44c9b64b36f745b3b6ed47560dda92a90",
  "css/grid.css": "cdb83cbd4e1418fda368fb0afca0f91b0a05160074d898130d76b027b1cb838d",
  "css/type.css": "b3e9aef3c9e78ee7edc49cf2579e54c91052fd1c7b35a0ab27dd6c0aec925e9b",
  "index-320.png": "aecb154affd93641d6acdaff9904696637607277528bfc065e70bee3bf931832",
  "index-400.png": "0d7fdd775ca5f52f8c7e3826298002f65b45f4536f56de6066f94024709f3201",
  "index-608.png": "f55a760595f851c355b4f6edbee3889165f4fb5cf4de548126f844afa501440b",
  "index-960.png": "0e8fd964299e6ca07420b2223426c20857ae0cce29d22baf4944a6c1f7f7bcc3",
  "index-1440.png": "a88860142ed5059a5da08ae65163aa97d613c89bbdc8f2e9c31761099b2dfb2e"
}