{
  "markbot": "09211402f783853914999b986f2b054c319558d2e1c4fc47c67502358b5e6751",
  "markbotignore": "030a4e6e1b3b6b510514a7ae54576e2c2ef762d56236c6414ef634955d96a126",
  "index.html": "db0b848afdf1170381ae444886a06cc577f754d5c670e6715b78be3bcee9ed9c",
  "css/main.css": "6ab84f54fe30090e9798a3ef3930c5f8f15cac25ef0bb030545a0bb3a2494398",
  "css/modules.css": "8a1ba27ffb3bd425520fe9f6e9353ba5c360d9b8f70214b0e0173359a538d415",
  "css/grid.css": "5f3a5494e2f64e4e7aaf83aa5763a57b78d73bb70c85f3812f4bd2d02a12596c",
  "css/type.css": "b3e9aef3c9e78ee7edc49cf2579e54c91052fd1c7b35a0ab27dd6c0aec925e9b",
  "index-320.png": "8ef18b614ffe6f8864ad8c621a2a20e4f604cfff641c8547e3ca8f3bc8bc7adc",
  "index-400.png": "41512b5976498d12531d435a1116a9e651326d643b0012996a1565576619c891",
  "index-608.png": "701c14adb73a83c20148197cc5b81f7dee1449d45ef737e8aa896e6f868a156e",
  "index-960.png": "bfb8536f27fd9e072f7fd61cbd96d93e4691eb95cea284302f007043a911142e",
  "index-1440.png": "4ee94b55e1344dc8bae196ac0b9ef41fc4b949f8f4ec7b46671d7d91a13023f3"
}